
Microsoft Visual Studio Solution File, Format Version 12.00
# Visual Studio Version 17
VisualStudioVersion = 17.7.34003.232
MinimumVisualStudioVersion = 10.0.40219.1
Project("{FAE04EC0-301F-11D3-BF4B-00C04F79EFBC}") = "Web", "Web\Web.csproj", "{EE72400A-EAB3-4954-A0D6-8DAB5766CCA3}"
EndProject
Global
	GlobalSection(SolutionConfigurationPlatforms) = preSolution
		Debug|Any CPU = Debug|Any CPU
		Release|Any CPU = Release|Any CPU
	EndGlobalSection
	GlobalSection(ProjectConfigurationPlatforms) = postSolution
		{EE72400A-EAB3-4954-A0D6-8DAB5766CCA3}.Debug|Any CPU.ActiveCfg = Debug|Any CPU
		{EE72400A-EAB3-4954-A0D6-8DAB5766CCA3}.Debug|Any CPU.Build.0 = Debug|Any CPU
		{EE72400A-EAB3-4954-A0D6-8DAB5766CCA3}.Release|Any CPU.ActiveCfg = Release|Any CPU
		{EE72400A-EAB3-4954-A0D6-8DAB5766CCA3}.Release|Any CPU.Build.0 = Release|Any CPU
	EndGlobalSection
	GlobalSection(SolutionProperties) = preSolution
		HideSolutionNode = FALSE
	EndGlobalSection
	GlobalSection(ExtensibilityGlobals) = postSolution
		SolutionGuid = {31FF4C30-F76E-434E-9550-690237090113}
	EndGlobalSection
EndGlobal
